{
  "name": "velocitybrain",
  "lockfileVersion": 3,
  "requires": true,
  "packages": {
    "": {
      "dependencies": {
        "@revenuecat/purchases-js": "^1.35.0",
        "svgl": "^0.0.1"
      }
    },
    "node_modules/@revenuecat/purchases-js": {
      "version": "1.35.0",
      "resolved": "https://registry.npmjs.org/@revenuecat/purchases-js/-/purchases-js-1.35.0.tgz",
      "integrity": "sha512-mFfJ7aA1zDGflvUGQCAUrXi4bmi/hg34bRwxvb14xNKzg5GnSYgyRJZvA/QeDLNikYf8qUEBsRVjciWVKHvsxQ==",
      "license": "MIT"
    },
    "node_modules/svgl": {
      "version": "0.0.1",
      "resolved": "https://registry.npmjs.org/svgl/-/svgl-0.0.1.tgz",
      "integrity": "sha512-HM7i4Go3UdUtxcWNYBpw9QrS00Gw/wKmoeWDMkD4tUK0iHs+gSCfjgRmK5C0SsHwiv3VbZxRwNzftw94vhxQWA=="
    }
  }
}
